// !$*UTF8*$!
{
	archiveVersion = 1;
	classes = {
	};
	objectVersion = 46;
	objects = {

/* Begin PBXBuildFile section */
		5D090D0E1E25425B00ACBCDB /* YTPlayerView.m in Sources */ = {isa = PBXBuildFile; fileRef = 5D090D0D1E25425B00ACBCDB /* YTPlayerView.m */; };
		5D090D101E25427600ACBCDB /* Assets.bundle in Resources */ = {isa = PBXBuildFile; fileRef = 5D090D0F1E25427600ACBCDB /* Assets.bundle */; };
		5D090D131E25439E00ACBCDB /* VideoPlayerController.swift in Sources */ = {isa = PBXBuildFile; fileRef = 5D090D121E25439E00ACBCDB /* VideoPlayerController.swift */; };
		5D1E823F1E2010DB00577F8C /* YouTubeClient.swift in Sources */ = {isa = PBXBuildFile; fileRef = 5D1E823E1E2010DB00577F8C /* YouTubeClient.swift */; };
		5D1E82411E20110E00577F8C /* YouTubeConstants.swift in Sources */ = {isa = PBXBuildFile; fileRef = 5D1E82401E20110E00577F8C /* YouTubeConstants.swift */; };
		5D2273BE1E25678B002196DF /* Model.xcdatamodeld in Sources */ = {isa = PBXBuildFile; fileRef = 5D2273BC1E25678B002196DF /* Model.xcdatamodeld */; };
		5D2273C11E2567D2002196DF /* Video.swift in Sources */ = {isa = PBXBuildFile; fileRef = 5D2273BF1E2567D2002196DF /* Video.swift */; };
		5D2273C21E2567D2002196DF /* Video+CoreDataProperties.swift in Sources */ = {isa = PBXBuildFile; fileRef = 5D2273C01E2567D2002196DF /* Video+CoreDataProperties.swift */; };
		5D80BCA71E25CCE6009E0633 /* AllVideosDataSource.swift in Sources */ = {isa = PBXBuildFile; fileRef = 5D80BCA61E25CCE6009E0633 /* AllVideosDataSource.swift */; };
		5D80BCA91E25D38A009E0633 /* FavoritesDatasource.swift in Sources */ = {isa = PBXBuildFile; fileRef = 5D80BCA81E25D38A009E0633 /* FavoritesDatasource.swift */; };
		5D90156E1E28657C00AA495D /* PresentAlertController.swift in Sources */ = {isa = PBXBuildFile; fileRef = 5D90156D1E28657C00AA495D /* PresentAlertController.swift */; };
		5DA0CAFC1E255D9B00FB2F20 /* CoreDataStack.swift in Sources */ = {isa = PBXBuildFile; fileRef = 5DA0CAFB1E255D9B00FB2F20 /* CoreDataStack.swift */; };
		5DAF605E1E0F3A4E003BF5B5 /* AppDelegate.swift in Sources */ = {isa = PBXBuildFile; fileRef = 5DAF605D1E0F3A4E003BF5B5 /* AppDelegate.swift */; };
		5DAF60631E0F3A4F003BF5B5 /* Main.storyboard in Resources */ = {isa = PBXBuildFile; fileRef = 5DAF60611E0F3A4F003BF5B5 /* Main.storyboard */; };
		5DAF60651E0F3A4F003BF5B5 /* Assets.xcassets in Resources */ = {isa = PBXBuildFile; fileRef = 5DAF60641E0F3A4F003BF5B5 /* Assets.xcassets */; };
		5DAF60681E0F3A4F003BF5B5 /* LaunchScreen.storyboard in Resources */ = {isa = PBXBuildFile; fileRef = 5DAF60661E0F3A4F003BF5B5 /* LaunchScreen.storyboard */; };
		5DAF60731E0F3A4F003BF5B5 /* NewDayConnectTests.swift in Sources */ = {isa = PBXBuildFile; fileRef = 5DAF60721E0F3A4F003BF5B5 /* NewDayConnectTests.swift */; };
		5DAF607E1E0F3A4F003BF5B5 /* NewDayConnectUITests.swift in Sources */ = {isa = PBXBuildFile; fileRef = 5DAF607D1E0F3A4F003BF5B5 /* NewDayConnectUITests.swift */; };
		5DC9073B1E23FEDF0076D43B /* YouTubeConvenience.swift in Sources */ = {isa = PBXBuildFile; fileRef = 5DC9073A1E23FEDF0076D43B /* YouTubeConvenience.swift */; };
		5DCBC0F51E2588760042A555 /* VideoFromDownload.swift in Sources */ = {isa = PBXBuildFile; fileRef = 5DCBC0F41E2588760042A555 /* VideoFromDownload.swift */; };
		5DCBC0F71E258D490042A555 /* FavoritesController.swift in Sources */ = {isa = PBXBuildFile; fileRef = 5DCBC0F61E258D490042A555 /* FavoritesController.swift */; };
		5DCBC0F91E258D5B0042A555 /* AllVideosController.swift in Sources */ = {isa = PBXBuildFile; fileRef = 5DCBC0F81E258D5B0042A555 /* AllVideosController.swift */; };
/* End PBXBuildFile section */

/* Begin PBXContainerItemProxy section */
		5DAF606F1E0F3A4F003BF5B5 /* PBXContainerItemProxy */ = {
			isa = PBXContainerItemProxy;
			containerPortal = 5DAF60521E0F3A4E003BF5B5 /* Project object */;
			proxyType = 1;
			remoteGlobalIDString = 5DAF60591E0F3A4E003BF5B5;
			remoteInfo = NewDayConnect;
		};
		5DAF607A1E0F3A4F003BF5B5 /* PBXContainerItemProxy */ = {
			isa = PBXContainerItemProxy;
			containerPortal = 5DAF60521E0F3A4E003BF5B5 /* Project object */;
			proxyType = 1;
			remoteGlobalIDString = 5DAF60591E0F3A4E003BF5B5;
			remoteInfo = NewDayConnect;
		};
/* End PBXContainerItemProxy section */

/* Begin PBXFileReference section */
		5D090D0B1E25425A00ACBCDB /* NewDayConnect-Bridging-Header.h */ = {isa = PBXFileReference; lastKnownFileType = sourcecode.c.h; path = "NewDayConnect-Bridging-Header.h"; sourceTree = "<group>"; };
		5D090D0C1E25425B00ACBCDB /* YTPlayerView.h */ = {isa = PBXFileReference; fileEncoding = 4; lastKnownFileType = sourcecode.c.h; path = YTPlayerView.h; sourceTree = "<group>"; };
		5D090D0D1E25425B00ACBCDB /* YTPlayerView.m */ = {isa = PBXFileReference; fileEncoding = 4; lastKnownFileType = sourcecode.c.objc; path = YTPlayerView.m; sourceTree = "<group>"; };
		5D090D0F1E25427600ACBCDB /* Assets.bundle */ = {isa = PBXFileReference; lastKnownFileType = "wrapper.plug-in"; path = Assets.bundle; sourceTree = "<group>"; };
		5D090D121E25439E00ACBCDB /* VideoPlayerController.swift */ = {isa = PBXFileReference; fileEncoding = 4; lastKnownFileType = sourcecode.swift; path = VideoPlayerController.swift; sourceTree = "<group>"; };
		5D1E823E1E2010DB00577F8C /* YouTubeClient.swift */ = {isa = PBXFileReference; fileEncoding = 4; lastKnownFileType = sourcecode.swift; path = YouTubeClient.swift; sourceTree = "<group>"; };
		5D1E82401E20110E00577F8C /* YouTubeConstants.swift */ = {isa = PBXFileReference; fileEncoding = 4; lastKnownFileType = sourcecode.swift; path = YouTubeConstants.swift; sourceTree = "<group>"; };
		5D2273BD1E25678B002196DF /* Model.xcdatamodel */ = {isa = PBXFileReference; lastKnownFileType = wrapper.xcdatamodel; path = Model.xcdatamodel; sourceTree = "<group>"; };
		5D2273BF1E2567D2002196DF /* Video.swift */ = {isa = PBXFileReference; fileEncoding = 4; lastKnownFileType = sourcecode.swift; name = Video.swift; path = ../Video.swift; sourceTree = "<group>"; };
		5D2273C01E2567D2002196DF /* Video+CoreDataProperties.swift */ = {isa = PBXFileReference; fileEncoding = 4; lastKnownFileType = sourcecode.swift; name = "Video+CoreDataProperties.swift"; path = "../Video+CoreDataProperties.swift"; sourceTree = "<group>"; };
		5D80BCA61E25CCE6009E0633 /* AllVideosDataSource.swift */ = {isa = PBXFileReference; fileEncoding = 4; lastKnownFileType = sourcecode.swift; path = AllVideosDataSource.swift; sourceTree = "<group>"; };
		5D80BCA81E25D38A009E0633 /* FavoritesDatasource.swift */ = {isa = PBXFileReference; fileEncoding = 4; lastKnownFileType = sourcecode.swift; path = FavoritesDatasource.swift; sourceTree = "<group>"; };
		5D90156D1E28657C00AA495D /* PresentAlertController.swift */ = {isa = PBXFileReference; fileEncoding = 4; lastKnownFileType = sourcecode.swift; path = PresentAlertController.swift; sourceTree = "<group>"; };
		5DA0CAFB1E255D9B00FB2F20 /* CoreDataStack.swift */ = {isa = PBXFileReference; fileEncoding = 4; lastKnownFileType = sourcecode.swift; path = CoreDataStack.swift; sourceTree = "<group>"; };
		5DAF605A1E0F3A4E003BF5B5 /* NewDayConnect.app */ = {isa = PBXFileReference; explicitFileType = wrapper.application; includeInIndex = 0; path = NewDayConnect.app; sourceTree = BUILT_PRODUCTS_DIR; };
		5DAF605D1E0F3A4E003BF5B5 /* AppDelegate.swift */ = {isa = PBXFileReference; lastKnownFileType = sourcecode.swift; path = AppDelegate.swift; sourceTree = "<group>"; };
		5DAF60621E0F3A4F003BF5B5 /* Base */ = {isa = PBXFileReference; lastKnownFileType = file.storyboard; name = Base; path = Base.lproj/Main.storyboard; sourceTree = "<group>"; };
		5DAF60641E0F3A4F003BF5B5 /* Assets.xcassets */ = {isa = PBXFileReference; lastKnownFileType = folder.assetcatalog; path = Assets.xcassets; sourceTree = "<group>"; };
		5DAF60671E0F3A4F003BF5B5 /* Base */ = {isa = PBXFileReference; lastKnownFileType = file.storyboard; name = Base; path = Base.lproj/LaunchScreen.storyboard; sourceTree = "<group>"; };
		5DAF60691E0F3A4F003BF5B5 /* Info.plist */ = {isa = PBXFileReference; lastKnownFileType = text.plist.xml; path = Info.plist; sourceTree = "<group>"; };
		5DAF606E1E0F3A4F003BF5B5 /* NewDayConnectTests.xctest */ = {isa = PBXFileReference; explicitFileType = wrapper.cfbundle; includeInIndex = 0; path = NewDayConnectTests.xctest; sourceTree = BUILT_PRODUCTS_DIR; };
		5DAF60721E0F3A4F003BF5B5 /* NewDayConnectTests.swift */ = {isa = PBXFileReference; lastKnownFileType = sourcecode.swift; path = NewDayConnectTests.swift; sourceTree = "<group>"; };
		5DAF60741E0F3A4F003BF5B5 /* Info.plist */ = {isa = PBXFileReference; lastKnownFileType = text.plist.xml; path = Info.plist; sourceTree = "<group>"; };
		5DAF60791E0F3A4F003BF5B5 /* NewDayConnectUITests.xctest */ = {isa = PBXFileReference; explicitFileType = wrapper.cfbundle; includeInIndex = 0; path = NewDayConnectUITests.xctest; sourceTree = BUILT_PRODUCTS_DIR; };
		5DAF607D1E0F3A4F003BF5B5 /* NewDayConnectUITests.swift */ = {isa = PBXFileReference; lastKnownFileType = sourcecode.swift; path = NewDayConnectUITests.swift; sourceTree = "<group>"; };
		5DAF607F1E0F3A4F003BF5B5 /* Info.plist */ = {isa = PBXFileReference; lastKnownFileType = text.plist.xml; path = Info.plist; sourceTree = "<group>"; };
		5DC9073A1E23FEDF0076D43B /* YouTubeConvenience.swift */ = {isa = PBXFileReference; fileEncoding = 4; lastKnownFileType = sourcecode.swift; path = YouTubeConvenience.swift; sourceTree = "<group>"; };
		5DCBC0F41E2588760042A555 /* VideoFromDownload.swift */ = {isa = PBXFileReference; fileEncoding = 4; lastKnownFileType = sourcecode.swift; path = VideoFromDownload.swift; sourceTree = "<group>"; };
		5DCBC0F61E258D490042A555 /* FavoritesController.swift */ = {isa = PBXFileReference; fileEncoding = 4; lastKnownFileType = sourcecode.swift; path = FavoritesController.swift; sourceTree = "<group>"; };
		5DCBC0F81E258D5B0042A555 /* AllVideosController.swift */ = {isa = PBXFileReference; fileEncoding = 4; lastKnownFileType = sourcecode.swift; path = AllVideosController.swift; sourceTree = "<group>"; };
/* End PBXFileReference section */

/* Begin PBXFrameworksBuildPhase section */
		5DAF60571E0F3A4E003BF5B5 /* Frameworks */ = {
			isa = PBXFrameworksBuildPhase;
			buildActionMask = 2147483647;
			files = (
			);
			runOnlyForDeploymentPostprocessing = 0;
		};
		5DAF606B1E0F3A4F003BF5B5 /* Frameworks */ = {
			isa = PBXFrameworksBuildPhase;
			buildActionMask = 2147483647;
			files = (
			);
			runOnlyForDeploymentPostprocessing = 0;
		};
		5DAF60761E0F3A4F003BF5B5 /* Frameworks */ = {
			isa = PBXFrameworksBuildPhase;
			buildActionMask = 2147483647;
			files = (
			);
			runOnlyForDeploymentPostprocessing = 0;
		};
/* End PBXFrameworksBuildPhase section */

/* Begin PBXGroup section */
		5D090D111E2542BB00ACBCDB /* View */ = {
			isa = PBXGroup;
			children = (
				5D090D0C1E25425B00ACBCDB /* YTPlayerView.h */,
				5D090D0D1E25425B00ACBCDB /* YTPlayerView.m */,
			);
			name = View;
			sourceTree = "<group>";
		};
		5D090D141E2543A400ACBCDB /* Controller */ = {
			isa = PBXGroup;
			children = (
				5D090D121E25439E00ACBCDB /* VideoPlayerController.swift */,
				5DCBC0F61E258D490042A555 /* FavoritesController.swift */,
				5DCBC0F81E258D5B0042A555 /* AllVideosController.swift */,
				5D90156D1E28657C00AA495D /* PresentAlertController.swift */,
			);
			name = Controller;
			sourceTree = "<group>";
		};
		5DA0CAFD1E255DA600FB2F20 /* CoreData */ = {
			isa = PBXGroup;
			children = (
				5DA0CAFB1E255D9B00FB2F20 /* CoreDataStack.swift */,
				5D2273BC1E25678B002196DF /* Model.xcdatamodeld */,
				5D2273BF1E2567D2002196DF /* Video.swift */,
				5D2273C01E2567D2002196DF /* Video+CoreDataProperties.swift */,
			);
			name = CoreData;
			sourceTree = "<group>";
		};
		5DAF60511E0F3A4E003BF5B5 = {
			isa = PBXGroup;
			children = (
				5DAF605C1E0F3A4E003BF5B5 /* NewDayConnect */,
				5DAF60711E0F3A4F003BF5B5 /* NewDayConnectTests */,
				5DAF607C1E0F3A4F003BF5B5 /* NewDayConnectUITests */,
				5DAF605B1E0F3A4E003BF5B5 /* Products */,
			);
			sourceTree = "<group>";
		};
		5DAF605B1E0F3A4E003BF5B5 /* Products */ = {
			isa = PBXGroup;
			children = (
				5DAF605A1E0F3A4E003BF5B5 /* NewDayConnect.app */,
				5DAF606E1E0F3A4F003BF5B5 /* NewDayConnectTests.xctest */,
				5DAF60791E0F3A4F003BF5B5 /* NewDayConnectUITests.xctest */,
			);
			name = Products;
			sourceTree = "<group>";
		};
		5DAF605C1E0F3A4E003BF5B5 /* NewDayConnect */ = {
			isa = PBXGroup;
			children = (
				5DAF608F1E0F3BA5003BF5B5 /* Model */,
				5D090D111E2542BB00ACBCDB /* View */,
				5D090D141E2543A400ACBCDB /* Controller */,
				5D090D0F1E25427600ACBCDB /* Assets.bundle */,
				5DAF605D1E0F3A4E003BF5B5 /* AppDelegate.swift */,
				5DAF60611E0F3A4F003BF5B5 /* Main.storyboard */,
				5DAF60641E0F3A4F003BF5B5 /* Assets.xcassets */,
				5DAF60661E0F3A4F003BF5B5 /* LaunchScreen.storyboard */,
				5DAF60691E0F3A4F003BF5B5 /* Info.plist */,
				5D090D0B1E25425A00ACBCDB /* NewDayConnect-Bridging-Header.h */,
			);
			path = NewDayConnect;
			sourceTree = "<group>";
		};
		5DAF60711E0F3A4F003BF5B5 /* NewDayConnectTests */ = {
			isa = PBXGroup;
			children = (
				5DAF60721E0F3A4F003BF5B5 /* NewDayConnectTests.swift */,
				5DAF60741E0F3A4F003BF5B5 /* Info.plist */,
			);
			path = NewDayConnectTests;
			sourceTree = "<group>";
		};
		5DAF607C1E0F3A4F003BF5B5 /* NewDayConnectUITests */ = {
			isa = PBXGroup;
			children = (
				5DAF607D1E0F3A4F003BF5B5 /* NewDayConnectUITests.swift */,
				5DAF607F1E0F3A4F003BF5B5 /* Info.plist */,
			);
			path = NewDayConnectUITests;
			sourceTree = "<group>";
		};
		5DAF608F1E0F3BA5003BF5B5 /* Model */ = {
			isa = PBXGroup;
			children = (
				5DC9073C1E2477BC0076D43B /* YoutubeClient */,
				5DA0CAFD1E255DA600FB2F20 /* CoreData */,
				5DCBC0F41E2588760042A555 /* VideoFromDownload.swift */,
				5D80BCA61E25CCE6009E0633 /* AllVideosDataSource.swift */,
				5D80BCA81E25D38A009E0633 /* FavoritesDatasource.swift */,
			);
			name = Model;
			sourceTree = "<group>";
		};
		5DC9073C1E2477BC0076D43B /* YoutubeClient */ = {
			isa = PBXGroup;
			children = (
				5D1E823E1E2010DB00577F8C /* YouTubeClient.swift */,
				5DC9073A1E23FEDF0076D43B /* YouTubeConvenience.swift */,
				5D1E82401E20110E00577F8C /* YouTubeConstants.swift */,
			);
			name = YoutubeClient;
			sourceTree = "<group>";
		};
/* End PBXGroup section */

/* Begin PBXNativeTarget section */
		5DAF60591E0F3A4E003BF5B5 /* NewDayConnect */ = {
			isa = PBXNativeTarget;
			buildConfigurationList = 5DAF60821E0F3A4F003BF5B5 /* Build configuration list for PBXNativeTarget "NewDayConnect" */;
			buildPhases = (
				5DAF60561E0F3A4E003BF5B5 /* Sources */,
				5DAF60571E0F3A4E003BF5B5 /* Frameworks */,
				5DAF60581E0F3A4E003BF5B5 /* Resources */,
			);
			buildRules = (
			);
			dependencies = (
			);
			name = NewDayConnect;
			productName = NewDayConnect;
			productReference = 5DAF605A1E0F3A4E003BF5B5 /* NewDayConnect.app */;
			productType = "com.apple.product-type.application";
		};
		5DAF606D1E0F3A4F003BF5B5 /* NewDayConnectTests */ = {
			isa = PBXNativeTarget;
			buildConfigurationList = 5DAF60851E0F3A4F003BF5B5 /* Build configuration list for PBXNativeTarget "NewDayConnectTests" */;
			buildPhases = (
				5DAF606A1E0F3A4F003BF5B5 /* Sources */,
				5DAF606B1E0F3A4F003BF5B5 /* Frameworks */,
				5DAF606C1E0F3A4F003BF5B5 /* Resources */,
			);
			buildRules = (
			);
			dependencies = (
				5DAF60701E0F3A4F003BF5B5 /* PBXTargetDependency */,
			);
			name = NewDayConnectTests;
			productName = NewDayConnectTests;
			productReference = 5DAF606E1E0F3A4F003BF5B5 /* NewDayConnectTests.xctest */;
			productType = "com.apple.product-type.bundle.unit-test";
		};
		5DAF60781E0F3A4F003BF5B5 /* NewDayConnectUITests */ = {
			isa = PBXNativeTarget;
			buildConfigurationList = 5DAF60881E0F3A4F003BF5B5 /* Build configuration list for PBXNativeTarget "NewDayConnectUITests" */;
			buildPhases = (
				5DAF60751E0F3A4F003BF5B5 /* Sources */,
				5DAF60761E0F3A4F003BF5B5 /* Frameworks */,
				5DAF60771E0F3A4F003BF5B5 /* Resources */,
			);
			buildRules = (
			);
			dependencies = (
				5DAF607B1E0F3A4F003BF5B5 /* PBXTargetDependency */,
			);
			name = NewDayConnectUITests;
			productName = NewDayConnectUITests;
			productReference = 5DAF60791E0F3A4F003BF5B5 /* NewDayConnectUITests.xctest */;
			productType = "com.apple.product-type.bundle.ui-testing";
		};
/* End PBXNativeTarget section */

/* Begin PBXProject section */
		5DAF60521E0F3A4E003BF5B5 /* Project object */ = {
			isa = PBXProject;
			attributes = {
				LastSwiftUpdateCheck = 0810;
				LastUpgradeCheck = 0810;
				ORGANIZATIONNAME = "Joel Pratt";
				TargetAttributes = {
					5DAF60591E0F3A4E003BF5B5 = {
						CreatedOnToolsVersion = 8.1;
						LastSwiftMigration = 0810;
						ProvisioningStyle = Automatic;
					};
					5DAF606D1E0F3A4F003BF5B5 = {
						CreatedOnToolsVersion = 8.1;
						ProvisioningStyle = Automatic;
						TestTargetID = 5DAF60591E0F3A4E003BF5B5;
					};
					5DAF60781E0F3A4F003BF5B5 = {
						CreatedOnToolsVersion = 8.1;
						ProvisioningStyle = Automatic;
						TestTargetID = 5DAF60591E0F3A4E003BF5B5;
					};
				};
			};
			buildConfigurationList = 5DAF60551E0F3A4E003BF5B5 /* Build configuration list for PBXProject "NewDayConnect" */;
			compatibilityVersion = "Xcode 3.2";
			developmentRegion = English;
			hasScannedForEncodings = 0;
			knownRegions = (
				en,
				Base,
			);
			mainGroup = 5DAF60511E0F3A4E003BF5B5;
			productRefGroup = 5DAF605B1E0F3A4E003BF5B5 /* Products */;
			projectDirPath = "";
			projectRoot = "";
			targets = (
				5DAF60591E0F3A4E003BF5B5 /* NewDayConnect */,
				5DAF606D1E0F3A4F003BF5B5 /* NewDayConnectTests */,
				5DAF60781E0F3A4F003BF5B5 /* NewDayConnectUITests */,
			);
		};
/* End PBXProject section */

/* Begin PBXResourcesBuildPhase section */
		5DAF60581E0F3A4E003BF5B5 /* Resources */ = {
			isa = PBXResourcesBuildPhase;
			buildActionMask = 2147483647;
			files = (
				5D090D101E25427600ACBCDB /* Assets.bundle in Resources */,
				5DAF60681E0F3A4F003BF5B5 /* LaunchScreen.storyboard in Resources */,
				5DAF60651E0F3A4F003BF5B5 /* Assets.xcassets in Resources */,
				5DAF60631E0F3A4F003BF5B5 /* Main.storyboard in Resources */,
			);
			runOnlyForDeploymentPostprocessing = 0;
		};
		5DAF606C1E0F3A4F003BF5B5 /* Resources */ = {
			isa = PBXResourcesBuildPhase;
			buildActionMask = 2147483647;
			files = (
			);
			runOnlyForDeploymentPostprocessing = 0;
		};
		5DAF60771E0F3A4F003BF5B5 /* Resources */ = {
			isa = PBXResourcesBuildPhase;
			buildActionMask = 2147483647;
			files = (
			);
			runOnlyForDeploymentPostprocessing = 0;
		};
/* End PBXResourcesBuildPhase section */

/* Begin PBXSourcesBuildPhase section */
		5DAF60561E0F3A4E003BF5B5 /* Sources */ = {
			isa = PBXSourcesBuildPhase;
			buildActionMask = 2147483647;
			files = (
				5D80BCA71E25CCE6009E0633 /* AllVideosDataSource.swift in Sources */,
				5D80BCA91E25D38A009E0633 /* FavoritesDatasource.swift in Sources */,
				5D1E823F1E2010DB00577F8C /* YouTubeClient.swift in Sources */,
				5DA0CAFC1E255D9B00FB2F20 /* CoreDataStack.swift in Sources */,
				5DCBC0F91E258D5B0042A555 /* AllVideosController.swift in Sources */,
				5DAF605E1E0F3A4E003BF5B5 /* AppDelegate.swift in Sources */,
				5D1E82411E20110E00577F8C /* YouTubeConstants.swift in Sources */,
				5DCBC0F71E258D490042A555 /* FavoritesController.swift in Sources */,
				5DCBC0F51E2588760042A555 /* VideoFromDownload.swift in Sources */,
				5D2273C11E2567D2002196DF /* Video.swift in Sources */,
				5D2273C21E2567D2002196DF /* Video+CoreDataProperties.swift in Sources */,
				5D90156E1E28657C00AA495D /* PresentAlertController.swift in Sources */,
				5D2273BE1E25678B002196DF /* Model.xcdatamodeld in Sources */,
				5DC9073B1E23FEDF0076D43B /* YouTubeConvenience.swift in Sources */,
				5D090D131E25439E00ACBCDB /* VideoPlayerController.swift in Sources */,
				5D090D0E1E25425B00ACBCDB /* YTPlayerView.m in Sources */,
			);
			runOnlyForDeploymentPostprocessing = 0;
		};
		5DAF606A1E0F3A4F003BF5B5 /* Sources */ = {
			isa = PBXSourcesBuildPhase;
			buildActionMask = 2147483647;
			files = (
				5DAF60731E0F3A4F003BF5B5 /* NewDayConnectTests.swift in Sources */,
			);
			runOnlyForDeploymentPostprocessing = 0;
		};
		5DAF60751E0F3A4F003BF5B5 /* Sources */ = {
			isa = PBXSourcesBuildPhase;
			buildActionMask = 2147483647;
			files = (
				5DAF607E1E0F3A4F003BF5B5 /* NewDayConnectUITests.swift in Sources */,
			);
			runOnlyForDeploymentPostprocessing = 0;
		};
/* End PBXSourcesBuildPhase section */

/* Begin PBXTargetDependency section */
		5DAF60701E0F3A4F003BF5B5 /* PBXTargetDependency */ = {
			isa = PBXTargetDependency;
			target = 5DAF60591E0F3A4E003BF5B5 /* NewDayConnect */;
			targetProxy = 5DAF606F1E0F3A4F003BF5B5 /* PBXContainerItemProxy */;
		};
		5DAF607B1E0F3A4F003BF5B5 /* PBXTargetDependency */ = {
			isa = PBXTargetDependency;
			target = 5DAF60591E0F3A4E003BF5B5 /* NewDayConnect */;
			targetProxy = 5DAF607A1E0F3A4F003BF5B5 /* PBXContainerItemProxy */;
		};
/* End PBXTargetDependency section */

/* Begin PBXVariantGroup section */
		5DAF60611E0F3A4F003BF5B5 /* Main.storyboard */ = {
			isa = PBXVariantGroup;
			children = (
				5DAF60621E0F3A4F003BF5B5 /* Base */,
			);
			name = Main.storyboard;
			sourceTree = "<group>";
		};
		5DAF60661E0F3A4F003BF5B5 /* LaunchScreen.storyboard */ = {
			isa = PBXVariantGroup;
			children = (
				5DAF60671E0F3A4F003BF5B5 /* Base */,
			);
			name = LaunchScreen.storyboard;
			sourceTree = "<group>";
		};
/* End PBXVariantGroup section */

/* Begin XCBuildConfiguration section */
		5DAF60801E0F3A4F003BF5B5 /* Debug */ = {
			isa = XCBuildConfiguration;
			buildSettings = {
				ALWAYS_SEARCH_USER_PATHS = NO;
				CLANG_ANALYZER_NONNULL = YES;
				CLANG_CXX_LANGUAGE_STANDARD = "gnu++0x";
				CLANG_CXX_LIBRARY = "libc++";
				CLANG_ENABLE_MODULES = YES;
				CLANG_ENABLE_OBJC_ARC = YES;
				CLANG_WARN_BOOL_CONVERSION = YES;
				CLANG_WARN_CONSTANT_CONVERSION = YES;
				CLANG_WARN_DIRECT_OBJC_ISA_USAGE = YES_ERROR;
				CLANG_WARN_DOCUMENTATION_COMMENTS = YES;
				CLANG_WARN_EMPTY_BODY = YES;
				CLANG_WARN_ENUM_CONVERSION = YES;
				CLANG_WARN_INFINITE_RECURSION = YES;
				CLANG_WARN_INT_CONVERSION = YES;
				CLANG_WARN_OBJC_ROOT_CLASS = YES_ERROR;
				CLANG_WARN_SUSPICIOUS_MOVES = YES;
				CLANG_WARN_UNREACHABLE_CODE = YES;
				CLANG_WARN__DUPLICATE_METHOD_MATCH = YES;
				"CODE_SIGN_IDENTITY[sdk=iphoneos*]" = "iPhone Developer";
				COPY_PHASE_STRIP = NO;
				DEBUG_INFORMATION_FORMAT = dwarf;
				ENABLE_STRICT_OBJC_MSGSEND = YES;
				ENABLE_TESTABILITY = YES;
				GCC_C_LANGUAGE_STANDARD = gnu99;
				GCC_DYNAMIC_NO_PIC = NO;
				GCC_NO_COMMON_BLOCKS = YES;
				GCC_OPTIMIZATION_LEVEL = 0;
				GCC_PREPROCESSOR_DEFINITIONS = (
					"DEBUG=1",
					"$(inherited)",
				);
				GCC_WARN_64_TO_32_BIT_CONVERSION = YES;
				GCC_WARN_ABOUT_RETURN_TYPE = YES_ERROR;
				GCC_WARN_UNDECLARED_SELECTOR = YES;
				GCC_WARN_UNINITIALIZED_AUTOS = YES_AGGRESSIVE;
				GCC_WARN_UNUSED_FUNCTION = YES;
				GCC_WARN_UNUSED_VARIABLE = YES;
				IPHONEOS_DEPLOYMENT_TARGET = 10.1;
				MTL_ENABLE_DEBUG_INFO = YES;
				ONLY_ACTIVE_ARCH = YES;
				SDKROOT = iphoneos;
				SWIFT_ACTIVE_COMPILATION_CONDITIONS = DEBUG;
				SWIFT_OPTIMIZATION_LEVEL = "-Onone";
			};
			name = Debug;
		};
		5DAF60811E0F3A4F003BF5B5 /* Release */ = {
			isa = XCBuildConfiguration;
			buildSettings = {
				ALWAYS_SEARCH_USER_PATHS = NO;
				CLANG_ANALYZER_NONNULL = YES;
				CLANG_CXX_LANGUAGE_STANDARD = "gnu++0x";
				CLANG_CXX_LIBRARY = "libc++";
				CLANG_ENABLE_MODULES = YES;
				CLANG_ENABLE_OBJC_ARC = YES;
				CLANG_WARN_BOOL_CONVERSION = YES;
				CLANG_WARN_CONSTANT_CONVERSION = YES;
				CLANG_WARN_DIRECT_OBJC_ISA_USAGE = YES_ERROR;
				CLANG_WARN_DOCUMENTATION_COMMENTS = YES;
				CLANG_WARN_EMPTY_BODY = YES;
				CLANG_WARN_ENUM_CONVERSION = YES;
				CLANG_WARN_INFINITE_RECURSION = YES;
				CLANG_WARN_INT_CONVERSION = YES;
				CLANG_WARN_OBJC_ROOT_CLASS = YES_ERROR;
				CLANG_WARN_SUSPICIOUS_MOVES = YES;
				CLANG_WARN_UNREACHABLE_CODE = YES;
				CLANG_WARN__DUPLICATE_METHOD_MATCH = YES;
				"CODE_SIGN_IDENTITY[sdk=iphoneos*]" = "iPhone Developer";
				COPY_PHASE_STRIP = NO;
				DEBUG_INFORMATION_FORMAT = "dwarf-with-dsym";
				ENABLE_NS_ASSERTIONS = NO;
				ENABLE_STRICT_OBJC_MSGSEND = YES;
				GCC_C_LANGUAGE_STANDARD = gnu99;
				GCC_NO_COMMON_BLOCKS = YES;
				GCC_WARN_64_TO_32_BIT_CONVERSION = YES;
				GCC_WARN_ABOUT_RETURN_TYPE = YES_ERROR;
				GCC_WARN_UNDECLARED_SELECTOR = YES;
				GCC_WARN_UNINITIALIZED_AUTOS = YES_AGGRESSIVE;
				GCC_WARN_UNUSED_FUNCTION = YES;
				GCC_WARN_UNUSED_VARIABLE = YES;
				IPHONEOS_DEPLOYMENT_TARGET = 10.1;
				MTL_ENABLE_DEBUG_INFO = NO;
				SDKROOT = iphoneos;
				SWIFT_OPTIMIZATION_LEVEL = "-Owholemodule";
				VALIDATE_PRODUCT = YES;
			};
			name = Release;
		};
		5DAF60831E0F3A4F003BF5B5 /* Debug */ = {
			isa = XCBuildConfiguration;
			buildSettings = {
				ASSETCATALOG_COMPILER_APPICON_NAME = AppIcon;
				CLANG_ENABLE_MODULES = YES;
				INFOPLIST_FILE = NewDayConnect/Info.plist;
				LD_RUNPATH_SEARCH_PATHS = "$(inherited) @executable_path/Frameworks";
				PRODUCT_BUNDLE_IDENTIFIER = com.joelpratt.NewDayConnect;
				PRODUCT_NAME = "$(TARGET_NAME)";
				SWIFT_OBJC_BRIDGING_HEADER = "NewDayConnect/NewDayConnect-Bridging-Header.h";
				SWIFT_OPTIMIZATION_LEVEL = "-Onone";
				SWIFT_VERSION = 3.0;
			};
			name = Debug;
		};
		5DAF60841E0F3A4F003BF5B5 /* Release */ = {
			isa = XCBuildConfiguration;
			buildSettings = {
				ASSETCATALOG_COMPILER_APPICON_NAME = AppIcon;
				CLANG_ENABLE_MODULES = YES;
				INFOPLIST_FILE = NewDayConnect/Info.plist;
				LD_RUNPATH_SEARCH_PATHS = "$(inherited) @executable_path/Frameworks";
				PRODUCT_BUNDLE_IDENTIFIER = com.joelpratt.NewDayConnect;
				PRODUCT_NAME = "$(TARGET_NAME)";
				SWIFT_OBJC_BRIDGING_HEADER = "NewDayConnect/NewDayConnect-Bridging-Header.h";
				SWIFT_VERSION = 3.0;
			};
			name = Release;
		};
		5DAF60861E0F3A4F003BF5B5 /* Debug */ = {
			isa = XCBuildConfiguration;
			buildSettings = {
				ALWAYS_EMBED_SWIFT_STANDARD_LIBRARIES = YES;
				BUNDLE_LOADER = "$(TEST_HOST)";
				INFOPLIST_FILE = NewDayConnectTests/Info.plist;
				LD_RUNPATH_SEARCH_PATHS = "$(inherited) @executable_path/Frameworks @loader_path/Frameworks";
				PRODUCT_BUNDLE_IDENTIFIER = com.joelpratt.NewDayConnectTests;
				PRODUCT_NAME = "$(TARGET_NAME)";
				SWIFT_VERSION = 3.0;
				TEST_HOST = "$(BUILT_PRODUCTS_DIR)/NewDayConnect.app/NewDayConnect";
			};
			name = Debug;
		};
		5DAF60871E0F3A4F003BF5B5 /* Release */ = {
			isa = XCBuildConfiguration;
			buildSettings = {
				ALWAYS_EMBED_SWIFT_STANDARD_LIBRARIES = YES;
				BUNDLE_LOADER = "$(TEST_HOST)";
				INFOPLIST_FILE = NewDayConnectTests/Info.plist;
				LD_RUNPATH_SEARCH_PATHS = "$(inherited) @executable_path/Frameworks @loader_path/Frameworks";
				PRODUCT_BUNDLE_IDENTIFIER = com.joelpratt.NewDayConnectTests;
				PRODUCT_NAME = "$(TARGET_NAME)";
				SWIFT_VERSION = 3.0;
				TEST_HOST = "$(BUILT_PRODUCTS_DIR)/NewDayConnect.app/NewDayConnect";
			};
			name = Release;
		};
		5DAF60891E0F3A4F003BF5B5 /* Debug */ = {
			isa = XCBuildConfiguration;
			buildSettings = {
				ALWAYS_EMBED_SWIFT_STANDARD_LIBRARIES = YES;
				INFOPLIST_FILE = NewDayConnectUITests/Info.plist;
				LD_RUNPATH_SEARCH_PATHS = "$(inherited) @executable_path/Frameworks @loader_path/Frameworks";
				PRODUCT_BUNDLE_IDENTIFIER = com.joelpratt.NewDayConnectUITests;
				PRODUCT_NAME = "$(TARGET_NAME)";
				SWIFT_VERSION = 3.0;
				TEST_TARGET_NAME = NewDayConnect;
			};
			name = Debug;
		};
		5DAF608A1E0F3A4F003BF5B5 /* Release */ = {
			isa = XCBuildConfiguration;
			buildSettings = {
				ALWAYS_EMBED_SWIFT_STANDARD_LIBRARIES = YES;
				INFOPLIST_FILE = NewDayConnectUITests/Info.plist;
				LD_RUNPATH_SEARCH_PATHS = "$(inherited) @executable_path/Frameworks @loader_path/Frameworks";
				PRODUCT_BUNDLE_IDENTIFIER = com.joelpratt.NewDayConnectUITests;
				PRODUCT_NAME = "$(TARGET_NAME)";
				SWIFT_VERSION = 3.0;
				TEST_TARGET_NAME = NewDayConnect;
			};
			name = Release;
		};
/* End XCBuildConfiguration section */

/* Begin XCConfigurationList section */
		5DAF60551E0F3A4E003BF5B5 /* Build configuration list for PBXProject "NewDayConnect" */ = {
			isa = XCConfigurationList;
			buildConfigurations = (
				5DAF60801E0F3A4F003BF5B5 /* Debug */,
				5DAF60811E0F3A4F003BF5B5 /* Release */,
			);
			defaultConfigurationIsVisible = 0;
			defaultConfigurationName = Release;
		};
		5DAF60821E0F3A4F003BF5B5 /* Build configuration list for PBXNativeTarget "NewDayConnect" */ = {
			isa = XCConfigurationList;
			buildConfigurations = (
				5DAF60831E0F3A4F003BF5B5 /* Debug */,
				5DAF60841E0F3A4F003BF5B5 /* Release */,
			);
			defaultConfigurationIsVisible = 0;
			defaultConfigurationName = Release;
		};
		5DAF60851E0F3A4F003BF5B5 /* Build configuration list for PBXNativeTarget "NewDayConnectTests" */ = {
			isa = XCConfigurationList;
			buildConfigurations = (
				5DAF60861E0F3A4F003BF5B5 /* Debug */,
				5DAF60871E0F3A4F003BF5B5 /* Release */,
			);
			defaultConfigurationIsVisible = 0;
			defaultConfigurationName = Release;
		};
		5DAF60881E0F3A4F003BF5B5 /* Build configuration list for PBXNativeTarget "NewDayConnectUITests" */ = {
			isa = XCConfigurationList;
			buildConfigurations = (
				5DAF60891E0F3A4F003BF5B5 /* Debug */,
				5DAF608A1E0F3A4F003BF5B5 /* Release */,
			);
			defaultConfigurationIsVisible = 0;
			defaultConfigurationName = Release;
		};
/* End XCConfigurationList section */

/* Begin XCVersionGroup section */
		5D2273BC1E25678B002196DF /* Model.xcdatamodeld */ = {
			isa = XCVersionGroup;
			children = (
				5D2273BD1E25678B002196DF /* Model.xcdatamodel */,
			);
			currentVersion = 5D2273BD1E25678B002196DF /* Model.xcdatamodel */;
			path = Model.xcdatamodeld;
			sourceTree = "<group>";
			versionGroupType = wrapper.xcdatamodel;
		};
/* End XCVersionGroup section */
	};
	rootObject = 5DAF60521E0F3A4E003BF5B5 /* Project object */;
}
